{
  "version": 1,
  "dependencies": {
    "net10.0": {
      "MessagePack": {
        "type": "Direct",
        "requested": "[3.1.10, )",
        "resolved": "3.1.10",
        "contentHash": "IvYiuLIGLbklU8qZFp0krv1f+0d0kkWbyb+I4Qmk8p5o+JxQsKUp2L5SBHV4vVmBh+DAj3bWDukGAl+87GMwrQ==",
        "dependencies": {
          "MessagePack.Annotations": "3.1.10",
          "MessagePackAnalyzer": "3.1.10",
          "Microsoft.NET.StringTools": "17.11.4"
        }
      },
      "MessagePack.Annotations": {
        "type": "Transitive",
        "resolved": "3.1.10",
        "contentHash": "3XvSeRdiR9ujCcTuijFwn2DRO8+a2S4fkNvwMaMwnXvdUJRaWAVc37scCiFME0AYLXGtnWF+GHMZT/a+i5Vv7g=="
      },
      "MessagePackAnalyzer": {
        "type": "Transitive",
        "resolved": "3.1.10",
        "contentHash": "t0sPByiRt2ipKUg64M1foAt5uDnJOiOGimE0rKXZ5CdiQw0Sf4TfELiWNjowcCHO0M6gRePrI90kXPc7rN2llw=="
      },
      "Microsoft.NET.StringTools": {
        "type": "Transitive",
        "resolved": "17.11.4",
        "contentHash": "mudqUHhNpeqIdJoUx2YDWZO/I9uEDYVowan89R6wsomfnUJQk6HteoQTlNjZDixhT2B4IXMkMtgZtoceIjLRmA=="
      },
      "Google.FlatBuffers": {
        "type": "Project"
      },
      "tessera": {
        "type": "Project"
      }
    }
  }
}